
Microsoft Visual Studio Solution File, Format Version 12.00
# Visual Studio 15
VisualStudioVersion = 15.0.28307.1433
MinimumVisualStudioVersion = 10.0.40219.1
Project("{FAE04EC0-301F-11D3-BF4B-00C04F79EFBC}") = "MyLogin_18", "MyLogin_18\MyLogin_18.csproj", "{1DCF3D43-F3D5-414D-8913-5C8B5943D5A8}"
EndProject
Global
	GlobalSection(SolutionConfigurationPlatforms) = preSolution
		Debug|Any CPU = Debug|Any CPU
		Release|Any CPU = Release|Any CPU
	EndGlobalSection
	GlobalSection(ProjectConfigurationPlatforms) = postSolution
		{1DCF3D43-F3D5-414D-8913-5C8B5943D5A8}.Debug|Any CPU.ActiveCfg = Debug|Any CPU
		{1DCF3D43-F3D5-414D-8913-5C8B5943D5A8}.Debug|Any CPU.Build.0 = Debug|Any CPU
		{1DCF3D43-F3D5-414D-8913-5C8B5943D5A8}.Release|Any CPU.ActiveCfg = Release|Any CPU
		{1DCF3D43-F3D5-414D-8913-5C8B5943D5A8}.Release|Any CPU.Build.0 = Release|Any CPU
	EndGlobalSection
	GlobalSection(SolutionProperties) = preSolution
		HideSolutionNode = FALSE
	EndGlobalSection
	GlobalSection(ExtensibilityGlobals) = postSolution
		SolutionGuid = {95DD6326-C7DB-46D4-B451-1A781FD7EE88}
	EndGlobalSection
EndGlobal
